Microsoft Visual Studio Solution File, Format Version 8.00
Project("{FAE04EC0-301F-11D3-BF4B-00C04F79EFBC}") = "MainSoftChatClient", "MainSoftChatClient.csproj", "{BC1222F7-452B-4921-B6D4-C666D02D1227}"
	ProjectSection(ProjectDependencies) = postProject
	EndProjectSection
EndProject
Global
	GlobalSection(SolutionConfiguration) = preSolution
		Debug = Debug
		Release = Release
	EndGlobalSection
	GlobalSection(ProjectConfiguration) = postSolution
		{BC1222F7-452B-4921-B6D4-C666D02D1227}.Debug.ActiveCfg = Debug|.NET
		{BC1222F7-452B-4921-B6D4-C666D02D1227}.Debug.Build.0 = Debug|.NET
		{BC1222F7-452B-4921-B6D4-C666D02D1227}.Release.ActiveCfg = Release|.NET
		{BC1222F7-452B-4921-B6D4-C666D02D1227}.Release.Build.0 = Release|.NET
	EndGlobalSection
	GlobalSection(ExtensibilityGlobals) = postSolution
	EndGlobalSection
	GlobalSection(ExtensibilityAddIns) = postSolution
	EndGlobalSection
EndGlobal
